
Microsoft Visual Studio Solution File, Format Version 12.00
# Visual Studio Version 16
VisualStudioVersion = 16.0.30907.101
MinimumVisualStudioVersion = 10.0.40219.1
Project("{2150E333-8FDC-42A3-9474-1A3956D46DE8}") = "src", "src", "{26024038-F554-4B7E-A931-E32E5507AEC0}"
EndProject
Project("{2150E333-8FDC-42A3-9474-1A3956D46DE8}") = "solution files", "solution files", "{FD1E28D0-F83C-406D-888A-6B29424F1FC6}"
	ProjectSection(SolutionItems) = preProject
		.gitignore = .gitignore
	EndProjectSection
EndProject
Project("{9A19103F-16F7-4668-BE54-9A1E7A4F7556}") = "2C2P.DEMO.Aggregator", "2C2P.DEMO.Aggregator\2C2P.DEMO.Aggregator.csproj", "{3B55A05C-3B3E-4C8E-A86C-48C3DF75DF19}"
EndProject
Project("{9A19103F-16F7-4668-BE54-9A1E7A4F7556}") = "2C2P.DEMO.Infrastructure", "..\repo_2c2p\2C2P.DEMO.Infrastructure\2C2P.DEMO.Infrastructure.csproj", "{37AE94F8-E252-42E7-887B-0D17BA6CA36D}"
EndProject
Project("{9A19103F-16F7-4668-BE54-9A1E7A4F7556}") = "2C2P.DEMO.Domain", "..\repo_2c2p\2C2P.DEMO.Domain\2C2P.DEMO.Domain.csproj", "{BD97B01D-80D7-4124-B536-B1AB6BBF3806}"
EndProject
Global
	GlobalSection(SolutionConfigurationPlatforms) = preSolution
		Debug|Any CPU = Debug|Any CPU
		Release|Any CPU = Release|Any CPU
	EndGlobalSection
	GlobalSection(ProjectConfigurationPlatforms) = postSolution
		{3B55A05C-3B3E-4C8E-A86C-48C3DF75DF19}.Debug|Any CPU.ActiveCfg = Debug|Any CPU
		{3B55A05C-3B3E-4C8E-A86C-48C3DF75DF19}.Debug|Any CPU.Build.0 = Debug|Any CPU
		{3B55A05C-3B3E-4C8E-A86C-48C3DF75DF19}.Release|Any CPU.ActiveCfg = Release|Any CPU
		{3B55A05C-3B3E-4C8E-A86C-48C3DF75DF19}.Release|Any CPU.Build.0 = Release|Any CPU
		{37AE94F8-E252-42E7-887B-0D17BA6CA36D}.Debug|Any CPU.ActiveCfg = Debug|Any CPU
		{37AE94F8-E252-42E7-887B-0D17BA6CA36D}.Debug|Any CPU.Build.0 = Debug|Any CPU
		{37AE94F8-E252-42E7-887B-0D17BA6CA36D}.Release|Any CPU.ActiveCfg = Release|Any CPU
		{37AE94F8-E252-42E7-887B-0D17BA6CA36D}.Release|Any CPU.Build.0 = Release|Any CPU
		{BD97B01D-80D7-4124-B536-B1AB6BBF3806}.Debug|Any CPU.ActiveCfg = Debug|Any CPU
		{BD97B01D-80D7-4124-B536-B1AB6BBF3806}.Debug|Any CPU.Build.0 = Debug|Any CPU
		{BD97B01D-80D7-4124-B536-B1AB6BBF3806}.Release|Any CPU.ActiveCfg = Release|Any CPU
		{BD97B01D-80D7-4124-B536-B1AB6BBF3806}.Release|Any CPU.Build.0 = Release|Any CPU
	EndGlobalSection
	GlobalSection(SolutionProperties) = preSolution
		HideSolutionNode = FALSE
	EndGlobalSection
	GlobalSection(NestedProjects) = preSolution
		{3B55A05C-3B3E-4C8E-A86C-48C3DF75DF19} = {26024038-F554-4B7E-A931-E32E5507AEC0}
		{37AE94F8-E252-42E7-887B-0D17BA6CA36D} = {26024038-F554-4B7E-A931-E32E5507AEC0}
		{BD97B01D-80D7-4124-B536-B1AB6BBF3806} = {26024038-F554-4B7E-A931-E32E5507AEC0}
	EndGlobalSection
	GlobalSection(ExtensibilityGlobals) = postSolution
		SolutionGuid = {A620C5BB-F5FB-4BF4-B96B-5252CC22F62F}
	EndGlobalSection
EndGlobal
